Microsoft Visual Studio Solution File, Format Version 12.00
# Visual Studio 2012
Project("{FAE04EC0-301F-11D3-BF4B-00C04F79EFBC}") = "Handmake_Mahjong(手艺麻将)", "Handmake_Mahjong(手艺麻将).csproj", "{F7D7192F-6D91-4F40-9593-9BCF7EED465F}"
EndProject
Global
	GlobalSection(SolutionConfigurationPlatforms) = preSolution
	Debug|Any CPU = Debug|Any CPU
	ExportDebug|Any CPU = ExportDebug|Any CPU
	ExportRelease|Any CPU = ExportRelease|Any CPU
	EndGlobalSection
	GlobalSection(ProjectConfigurationPlatforms) = postSolution
		{F7D7192F-6D91-4F40-9593-9BCF7EED465F}.Debug|Any CPU.ActiveCfg = Debug|Any CPU
		{F7D7192F-6D91-4F40-9593-9BCF7EED465F}.Debug|Any CPU.Build.0 = Debug|Any CPU
		{F7D7192F-6D91-4F40-9593-9BCF7EED465F}.ExportDebug|Any CPU.ActiveCfg = ExportDebug|Any CPU
		{F7D7192F-6D91-4F40-9593-9BCF7EED465F}.ExportDebug|Any CPU.Build.0 = ExportDebug|Any CPU
		{F7D7192F-6D91-4F40-9593-9BCF7EED465F}.ExportRelease|Any CPU.ActiveCfg = ExportRelease|Any CPU
		{F7D7192F-6D91-4F40-9593-9BCF7EED465F}.ExportRelease|Any CPU.Build.0 = ExportRelease|Any CPU
	EndGlobalSection
EndGlobal
